// !$*UTF8*$!
{
	archiveVersion = 1;
	classes = {
	};
	objectVersion = 77;
	objects = {

/* Begin PBXContainerItemProxy section */
		1497C7582D478548005AEE86 /* PBXContainerItemProxy */ = {
			isa = PBXContainerItemProxy;
			containerPortal = 1497C7392D478545005AEE86 /* Project object */;
			proxyType = 1;
			remoteGlobalIDString = 1497C7402D478545005AEE86;
			remoteInfo = AvitoTest;
		};
		1497C7622D478548005AEE86 /* PBXContainerItemProxy */ = {
			isa = PBXContainerItemProxy;
			containerPortal = 1497C7392D478545005AEE86 /* Project object */;
			proxyType = 1;
			remoteGlobalIDString = 1497C7402D478545005AEE86;
			remoteInfo = AvitoTest;
		};
/* End PBXContainerItemProxy section */

/* Begin PBXFileReference section */
		1497C7412D478545005AEE86 /* AvitoTest.app */ = {isa = PBXFileReference; explicitFileType = wrapper.application; includeInIndex = 0; path = AvitoTest.app; sourceTree = BUILT_PRODUCTS_DIR; };
		1497C7572D478548005AEE86 /* AvitoTestTests.xctest */ = {isa = PBXFileReference; explicitFileType = wrapper.cfbundle; includeInIndex = 0; path = AvitoTestTests.xctest; sourceTree = BUILT_PRODUCTS_DIR; };
		1497C7612D478548005AEE86 /* AvitoTestUITests.xctest */ = {isa = PBXFileReference; explicitFileType = wrapper.cfbundle; includeInIndex = 0; path = AvitoTestUITests.xctest; sourceTree = BUILT_PRODUCTS_DIR; };
/* End PBXFileReference section */

/* Begin PBXFileSystemSynchronizedBuildFileExceptionSet section */
		1497C7692D478548005AEE86 /* Exceptions for "AvitoTest" folder in "AvitoTest" target */ = {
			isa = PBXFileSystemSynchronizedBuildFileExceptionSet;
			membershipExceptions = (
				Info.plist,
			);
			target = 1497C7402D478545005AEE86 /* AvitoTest */;
		};
/* End PBXFileSystemSynchronizedBuildFileExceptionSet section */

/* Begin PBXFileSystemSynchronizedRootGroup section */
		1497C7432D478545005AEE86 /* AvitoTest */ = {
			isa = PBXFileSystemSynchronizedRootGroup;
			exceptions = (
				1497C7692D478548005AEE86 /* Exceptions for "AvitoTest" folder in "AvitoTest" target */,
			);
			path = AvitoTest;
			sourceTree = "<group>";
		};
		1497C75A2D478548005AEE86 /* AvitoTestTests */ = {
			isa = PBXFileSystemSynchronizedRootGroup;
			path = AvitoTestTests;
			sourceTree = "<group>";
		};
		1497C7642D478548005AEE86 /* AvitoTestUITests */ = {
			isa = PBXFileSystemSynchronizedRootGroup;
			path = AvitoTestUITests;
			sourceTree = "<group>";
		};
/* End PBXFileSystemSynchronizedRootGroup section */

/* Begin PBXFrameworksBuildPhase section */
		1497C73E2D478545005AEE86 /* Frameworks */ = {
			isa = PBXFrameworksBuildPhase;
			buildActionMask = 2147483647;
			files = (
			);
			runOnlyForDeploymentPostprocessing = 0;
		};
		1497C7542D478548005AEE86 /* Frameworks */ = {
			isa = PBXFrameworksBuildPhase;
			buildActionMask = 2147483647;
			files = (
			);
			runOnlyForDeploymentPostprocessing = 0;
		};
		1497C75E2D478548005AEE86 /* Frameworks */ = {
			isa = PBXFrameworksBuildPhase;
			buildActionMask = 2147483647;
			files = (
			);
			runOnlyForDeploymentPostprocessing = 0;
		};
/* End PBXFrameworksBuildPhase section */

/* Begin PBXGroup section */
		1497C7382D478545005AEE86 = {
			isa = PBXGroup;
			children = (
				1497C7432D478545005AEE86 /* AvitoTest */,
				1497C75A2D478548005AEE86 /* AvitoTestTests */,
				1497C7642D478548005AEE86 /* AvitoTestUITests */,
				1497C7422D478545005AEE86 /* Products */,
			);
			sourceTree = "<group>";
		};
		1497C7422D478545005AEE86 /* Products */ = {
			isa = PBXGroup;
			children = (
				1497C7412D478545005AEE86 /* AvitoTest.app */,
				1497C7572D478548005AEE86 /* AvitoTestTests.xctest */,
				1497C7612D478548005AEE86 /* AvitoTestUITests.xctest */,
			);
			name = Products;
			sourceTree = "<group>";
		};
/* End PBXGroup section */

/* Begin PBXNativeTarget section */
		1497C7402D478545005AEE86 /* AvitoTest */ = {
			isa = PBXNativeTarget;
			buildConfigurationList = 1497C76A2D478548005AEE86 /* Build configuration list for PBXNativeTarget "AvitoTest" */;
			buildPhases = (
				1497C73D2D478545005AEE86 /* Sources */,
				1497C73E2D478545005AEE86 /* Frameworks */,
				1497C73F2D478545005AEE86 /* Resources */,
			);
			buildRules = (
			);
			dependencies = (
			);
			fileSystemSynchronizedGroups = (
				1497C7432D478545005AEE86 /* AvitoTest */,
			);
			name = AvitoTest;
			packageProductDependencies = (
			);
			productName = AvitoTest;
			productReference = 1497C7412D478545005AEE86 /* AvitoTest.app */;
			productType = "com.apple.product-type.application";
		};
		1497C7562D478548005AEE86 /* AvitoTestTests */ = {
			isa = PBXNativeTarget;
			buildConfigurationList = 1497C76F2D478548005AEE86 /* Build configuration list for PBXNativeTarget "AvitoTestTests" */;
			buildPhases = (
				1497C7532D478548005AEE86 /* Sources */,
				1497C7542D478548005AEE86 /* Frameworks */,
				1497C7552D478548005AEE86 /* Resources */,
			);
			buildRules = (
			);
			dependencies = (
				1497C7592D478548005AEE86 /* PBXTargetDependency */,
			);
			fileSystemSynchronizedGroups = (
				1497C75A2D478548005AEE86 /* AvitoTestTests */,
			);
			name = AvitoTestTests;
			packageProductDependencies = (
			);
			productName = AvitoTestTests;
			productReference = 1497C7572D478548005AEE86 /* AvitoTestTests.xctest */;
			productType = "com.apple.product-type.bundle.unit-test";
		};
		1497C7602D478548005AEE86 /* AvitoTestUITests */ = {
			isa = PBXNativeTarget;
			buildConfigurationList = 1497C7722D478548005AEE86 /* Build configuration list for PBXNativeTarget "AvitoTestUITests" */;
			buildPhases = (
				1497C75D2D478548005AEE86 /* Sources */,
				1497C75E2D478548005AEE86 /* Frameworks */,
				1497C75F2D478548005AEE86 /* Resources */,
			);
			buildRules = (
			);
			dependencies = (
				1497C7632D478548005AEE86 /* PBXTargetDependency */,
			);
			fileSystemSynchronizedGroups = (
				1497C7642D478548005AEE86 /* AvitoTestUITests */,
			);
			name = AvitoTestUITests;
			packageProductDependencies = (
			);
			productName = AvitoTestUITests;
			productReference = 1497C7612D478548005AEE86 /* AvitoTestUITests.xctest */;
			productType = "com.apple.product-type.bundle.ui-testing";
		};
/* End PBXNativeTarget section */

/* Begin PBXProject section */
		1497C7392D478545005AEE86 /* Project object */ = {
			isa = PBXProject;
			attributes = {
				BuildIndependentTargetsInParallel = 1;
				LastSwiftUpdateCheck = 1620;
				LastUpgradeCheck = 1620;
				TargetAttributes = {
					1497C7402D478545005AEE86 = {
						CreatedOnToolsVersion = 16.2;
					};
					1497C7562D478548005AEE86 = {
						CreatedOnToolsVersion = 16.2;
						TestTargetID = 1497C7402D478545005AEE86;
					};
					1497C7602D478548005AEE86 = {
						CreatedOnToolsVersion = 16.2;
						TestTargetID = 1497C7402D478545005AEE86;
					};
				};
			};
			buildConfigurationList = 1497C73C2D478545005AEE86 /* Build configuration list for PBXProject "AvitoTest" */;
			developmentRegion = en;
			hasScannedForEncodings = 0;
			knownRegions = (
				en,
				Base,
			);
			mainGroup = 1497C7382D478545005AEE86;
			minimizedProjectReferenceProxies = 1;
			preferredProjectObjectVersion = 77;
			productRefGroup = 1497C7422D478545005AEE86 /* Products */;
			projectDirPath = "";
			projectRoot = "";
			targets = (
				1497C7402D478545005AEE86 /* AvitoTest */,
				1497C7562D478548005AEE86 /* AvitoTestTests */,
				1497C7602D478548005AEE86 /* AvitoTestUITests */,
			);
		};
/* End PBXProject section */

/* Begin PBXResourcesBuildPhase section */
		1497C73F2D478545005AEE86 /* Resources */ = {
			isa = PBXResourcesBuildPhase;
			buildActionMask = 2147483647;
			files = (
			);
			runOnlyForDeploymentPostprocessing = 0;
		};
		1497C7552D478548005AEE86 /* Resources */ = {
			isa = PBXResourcesBuildPhase;
			buildActionMask = 2147483647;
			files = (
			);
			runOnlyForDeploymentPostprocessing = 0;
		};
		1497C75F2D478548005AEE86 /* Resources */ = {
			isa = PBXResourcesBuildPhase;
			buildActionMask = 2147483647;
			files = (
			);
			runOnlyForDeploymentPostprocessing = 0;
		};
/* End PBXResourcesBuildPhase section */

/* Begin PBXSourcesBuildPhase section */
		1497C73D2D478545005AEE86 /* Sources */ = {
			isa = PBXSourcesBuildPhase;
			buildActionMask = 2147483647;
			files = (
			);
			runOnlyForDeploymentPostprocessing = 0;
		};
		1497C7532D478548005AEE86 /* Sources */ = {
			isa = PBXSourcesBuildPhase;
			buildActionMask = 2147483647;
			files = (
			);
			runOnlyForDeploymentPostprocessing = 0;
		};
		1497C75D2D478548005AEE86 /* Sources */ = {
			isa = PBXSourcesBuildPhase;
			buildActionMask = 2147483647;
			files = (
			);
			runOnlyForDeploymentPostprocessing = 0;
		};
/* End PBXSourcesBuildPhase section */

/* Begin PBXTargetDependency section */
		1497C7592D478548005AEE86 /* PBXTargetDependency */ = {
			isa = PBXTargetDependency;
			target = 1497C7402D478545005AEE86 /* AvitoTest */;
			targetProxy = 1497C7582D478548005AEE86 /* PBXContainerItemProxy */;
		};
		1497C7632D478548005AEE86 /* PBXTargetDependency */ = {
			isa = PBXTargetDependency;
			target = 1497C7402D478545005AEE86 /* AvitoTest */;
			targetProxy = 1497C7622D478548005AEE86 /* PBXContainerItemProxy */;
		};
/* End PBXTargetDependency section */

/* Begin XCBuildConfiguration section */
		1497C76B2D478548005AEE86 /* Debug */ = {
			isa = XCBuildConfiguration;
			buildSettings = {
				ASSETCATALOG_COMPILER_APPICON_NAME = AppIcon;
				ASSETCATALOG_COMPILER_GLOBAL_ACCENT_COLOR_NAME = AccentColor;
				CODE_SIGN_STYLE = Automatic;
				CURRENT_PROJECT_VERSION = 1;
				DEVELOPMENT_TEAM = 33CHCHT3CL;
				GENERATE_INFOPLIST_FILE = YES;
				INFOPLIST_FILE = AvitoTest/Info.plist;
				INFOPLIST_KEY_UIApplicationSupportsIndirectInputEvents = YES;
				INFOPLIST_KEY_UILaunchStoryboardName = LaunchScreen;
				INFOPLIST_KEY_UISupportedInterfaceOrientations_iPad = "UIInterfaceOrientationPortrait UIInterfaceOrientationPortraitUpsideDown UIInterfaceOrientationLandscapeLeft UIInterfaceOrientationLandscapeRight";
				INFOPLIST_KEY_UISupportedInterfaceOrientations_iPhone = "UIInterfaceOrientationPortrait UIInterfaceOrientationLandscapeLeft UIInterfaceOrientationLandscapeRight";
				LD_RUNPATH_SEARCH_PATHS = (
					"$(inherited)",
					"@executable_path/Frameworks",
				);
				MARKETING_VERSION = 1.0;
				PRODUCT_BUNDLE_IDENTIFIER = novgorodcev.AvitoTest;
				PRODUCT_NAME = "$(TARGET_NAME)";
				SWIFT_EMIT_LOC_STRINGS = YES;
				SWIFT_VERSION = 5.0;
				TARGETED_DEVICE_FAMILY = "1,2";
			};
			name = Debug;
		};
		1497C76C2D478548005AEE86 /* Release */ = {
			isa = XCBuildConfiguration;
			buildSettings = {
				ASSETCATALOG_COMPILER_APPICON_NAME = AppIcon;
				ASSETCATALOG_COMPILER_GLOBAL_ACCENT_COLOR_NAME = AccentColor;
				CODE_SIGN_STYLE = Automatic;
				CURRENT_PROJECT_VERSION = 1;
				DEVELOPMENT_TEAM = 33CHCHT3CL;
				GENERATE_INFOPLIST_FILE = YES;
				INFOPLIST_FILE = AvitoTest/Info.plist;
				INFOPLIST_KEY_UIApplicationSupportsIndirectInputEvents = YES;
				INFOPLIST_KEY_UILaunchStoryboardName = LaunchScreen;
				INFOPLIST_KEY_UISupportedInterfaceOrientations_iPad = "UIInterfaceOrientationPortrait UIInterfaceOrientationPortraitUpsideDown UIInterfaceOrientationLandscapeLeft UIInterfaceOrientationLandscapeRight";
				INFOPLIST_KEY_UISupportedInterfaceOrientations_iPhone = "UIInterfaceOrientationPortrait UIInterfaceOrientationLandscapeLeft UIInterfaceOrientationLandscapeRight";
				LD_RUNPATH_SEARCH_PATHS = (
					"$(inherited)",
					"@executable_path/Frameworks",
				);
				MARKETING_VERSION = 1.0;
				PRODUCT_BUNDLE_IDENTIFIER = novgorodcev.AvitoTest;
				PRODUCT_NAME = "$(TARGET_NAME)";
				SWIFT_EMIT_LOC_STRINGS = YES;
				SWIFT_VERSION = 5.0;
				TARGETED_DEVICE_FAMILY = "1,2";
			};
			name = Release;
		};
		1497C76D2D478548005AEE86 /* Debug */ = {
			isa = XCBuildConfiguration;
			buildSettings = {
				ALWAYS_SEARCH_USER_PATHS = NO;
				ASSETCATALOG_COMPILER_GENERATE_SWIFT_ASSET_SYMBOL_EXTENSIONS = YES;
				CLANG_ANALYZER_NONNULL = YES;
				CLANG_ANALYZER_NUMBER_OBJECT_CONVERSION = YES_AGGRESSIVE;
				CLANG_CXX_LANGUAGE_STANDARD = "gnu++20";
				CLANG_ENABLE_MODULES = YES;
				CLANG_ENABLE_OBJC_ARC = YES;
				CLANG_ENABLE_OBJC_WEAK = YES;
				CLANG_WARN_BLOCK_CAPTURE_AUTORELEASING = YES;
				CLANG_WARN_BOOL_CONVERSION = YES;
				CLANG_WARN_COMMA = YES;
				CLANG_WARN_CONSTANT_CONVERSION = YES;
				CLANG_WARN_DEPRECATED_OBJC_IMPLEMENTATIONS = YES;
				CLANG_WARN_DIRECT_OBJC_ISA_USAGE = YES_ERROR;
				CLANG_WARN_DOCUMENTATION_COMMENTS = YES;
				CLANG_WARN_EMPTY_BODY = YES;
				CLANG_WARN_ENUM_CONVERSION = YES;
				CLANG_WARN_INFINITE_RECURSION = YES;
				CLANG_WARN_INT_CONVERSION = YES;
				CLANG_WARN_NON_LITERAL_NULL_CONVERSION = YES;
				CLANG_WARN_OBJC_IMPLICIT_RETAIN_SELF = YES;
				CLANG_WARN_OBJC_LITERAL_CONVERSION = YES;
				CLANG_WARN_OBJC_ROOT_CLASS = YES_ERROR;
				CLANG_WARN_QUOTED_INCLUDE_IN_FRAMEWORK_HEADER = YES;
				CLANG_WARN_RANGE_LOOP_ANALYSIS = YES;
				CLANG_WARN_STRICT_PROTOTYPES = YES;
				CLANG_WARN_SUSPICIOUS_MOVE = YES;
				CLANG_WARN_UNGUARDED_AVAILABILITY = YES_AGGRESSIVE;
				CLANG_WARN_UNREACHABLE_CODE = YES;
				CLANG_WARN__DUPLICATE_METHOD_MATCH = YES;
				COPY_PHASE_STRIP = NO;
				DEBUG_INFORMATION_FORMAT = dwarf;
				ENABLE_STRICT_OBJC_MSGSEND = YES;
				ENABLE_TESTABILITY = YES;
				ENABLE_USER_SCRIPT_SANDBOXING = YES;
				GCC_C_LANGUAGE_STANDARD = gnu17;
				GCC_DYNAMIC_NO_PIC = NO;
				GCC_NO_COMMON_BLOCKS = YES;
				GCC_OPTIMIZATION_LEVEL = 0;
				GCC_PREPROCESSOR_DEFINITIONS = (
					"DEBUG=1",
					"$(inherited)",
				);
				GCC_WARN_64_TO_32_BIT_CONVERSION = YES;
				GCC_WARN_ABOUT_RETURN_TYPE = YES_ERROR;
				GCC_WARN_UNDECLARED_SELECTOR = YES;
				GCC_WARN_UNINITIALIZED_AUTOS = YES_AGGRESSIVE;
				GCC_WARN_UNUSED_FUNCTION = YES;
				GCC_WARN_UNUSED_VARIABLE = YES;
				IPHONEOS_DEPLOYMENT_TARGET = 18.2;
				LOCALIZATION_PREFERS_STRING_CATALOGS = YES;
				MTL_ENABLE_DEBUG_INFO = INCLUDE_SOURCE;
				MTL_FAST_MATH = YES;
				ONLY_ACTIVE_ARCH = YES;
				SDKROOT = iphoneos;
				SWIFT_ACTIVE_COMPILATION_CONDITIONS = "DEBUG $(inherited)";
				SWIFT_OPTIMIZATION_LEVEL = "-Onone";
			};
			name = Debug;
		};
		1497C76E2D478548005AEE86 /* Release */ = {
			isa = XCBuildConfiguration;
			buildSettings = {
				ALWAYS_SEARCH_USER_PATHS = NO;
				ASSETCATALOG_COMPILER_GENERATE_SWIFT_ASSET_SYMBOL_EXTENSIONS = YES;
				CLANG_ANALYZER_NONNULL = YES;
				CLANG_ANALYZER_NUMBER_OBJECT_CONVERSION = YES_AGGRESSIVE;
				CLANG_CXX_LANGUAGE_STANDARD = "gnu++20";
				CLANG_ENABLE_MODULES = YES;
				CLANG_ENABLE_OBJC_ARC = YES;
				CLANG_ENABLE_OBJC_WEAK = YES;
				CLANG_WARN_BLOCK_CAPTURE_AUTORELEASING = YES;
				CLANG_WARN_BOOL_CONVERSION = YES;
				CLANG_WARN_COMMA = YES;
				CLANG_WARN_CONSTANT_CONVERSION = YES;
				CLANG_WARN_DEPRECATED_OBJC_IMPLEMENTATIONS = YES;
				CLANG_WARN_DIRECT_OBJC_ISA_USAGE = YES_ERROR;
				CLANG_WARN_DOCUMENTATION_COMMENTS = YES;
				CLANG_WARN_EMPTY_BODY = YES;
				CLANG_WARN_ENUM_CONVERSION = YES;
				CLANG_WARN_INFINITE_RECURSION = YES;
				CLANG_WARN_INT_CONVERSION = YES;
				CLANG_WARN_NON_LITERAL_NULL_CONVERSION = YES;
				CLANG_WARN_OBJC_IMPLICIT_RETAIN_SELF = YES;
				CLANG_WARN_OBJC_LITERAL_CONVERSION = YES;
				CLANG_WARN_OBJC_ROOT_CLASS = YES_ERROR;
				CLANG_WARN_QUOTED_INCLUDE_IN_FRAMEWORK_HEADER = YES;
				CLANG_WARN_RANGE_LOOP_ANALYSIS = YES;
				CLANG_WARN_STRICT_PROTOTYPES = YES;
				CLANG_WARN_SUSPICIOUS_MOVE = YES;
				CLANG_WARN_UNGUARDED_AVAILABILITY = YES_AGGRESSIVE;
				CLANG_WARN_UNREACHABLE_CODE = YES;
				CLANG_WARN__DUPLICATE_METHOD_MATCH = YES;
				COPY_PHASE_STRIP = NO;
				DEBUG_INFORMATION_FORMAT = "dwarf-with-dsym";
				ENABLE_NS_ASSERTIONS = NO;
				ENABLE_STRICT_OBJC_MSGSEND = YES;
				ENABLE_USER_SCRIPT_SANDBOXING = YES;
				GCC_C_LANGUAGE_STANDARD = gnu17;
				GCC_NO_COMMON_BLOCKS = YES;
				GCC_WARN_64_TO_32_BIT_CONVERSION = YES;
				GCC_WARN_ABOUT_RETURN_TYPE = YES_ERROR;
				GCC_WARN_UNDECLARED_SELECTOR = YES;
				GCC_WARN_UNINITIALIZED_AUTOS = YES_AGGRESSIVE;
				GCC_WARN_UNUSED_FUNCTION = YES;
				GCC_WARN_UNUSED_VARIABLE = YES;
				IPHONEOS_DEPLOYMENT_TARGET = 18.2;
				LOCALIZATION_PREFERS_STRING_CATALOGS = YES;
				MTL_ENABLE_DEBUG_INFO = NO;
				MTL_FAST_MATH = YES;
				SDKROOT = iphoneos;
				SWIFT_COMPILATION_MODE = wholemodule;
				VALIDATE_PRODUCT = YES;
			};
			name = Release;
		};
		1497C7702D478548005AEE86 /* Debug */ = {
			isa = XCBuildConfiguration;
			buildSettings = {
				BUNDLE_LOADER = "$(TEST_HOST)";
				CODE_SIGN_STYLE = Automatic;
				CURRENT_PROJECT_VERSION = 1;
				DEVELOPMENT_TEAM = 33CHCHT3CL;
				GENERATE_INFOPLIST_FILE = YES;
				IPHONEOS_DEPLOYMENT_TARGET = 18.2;
				MARKETING_VERSION = 1.0;
				PRODUCT_BUNDLE_IDENTIFIER = novgorodcev.AvitoTestTests;
				PRODUCT_NAME = "$(TARGET_NAME)";
				SWIFT_EMIT_LOC_STRINGS = NO;
				SWIFT_VERSION = 5.0;
				TARGETED_DEVICE_FAMILY = "1,2";
				TEST_HOST = "$(BUILT_PRODUCTS_DIR)/AvitoTest.app/$(BUNDLE_EXECUTABLE_FOLDER_PATH)/AvitoTest";
			};
			name = Debug;
		};
		1497C7712D478548005AEE86 /* Release */ = {
			isa = XCBuildConfiguration;
			buildSettings = {
				BUNDLE_LOADER = "$(TEST_HOST)";
				CODE_SIGN_STYLE = Automatic;
				CURRENT_PROJECT_VERSION = 1;
				DEVELOPMENT_TEAM = 33CHCHT3CL;
				GENERATE_INFOPLIST_FILE = YES;
				IPHONEOS_DEPLOYMENT_TARGET = 18.2;
				MARKETING_VERSION = 1.0;
				PRODUCT_BUNDLE_IDENTIFIER = novgorodcev.AvitoTestTests;
				PRODUCT_NAME = "$(TARGET_NAME)";
				SWIFT_EMIT_LOC_STRINGS = NO;
				SWIFT_VERSION = 5.0;
				TARGETED_DEVICE_FAMILY = "1,2";
				TEST_HOST = "$(BUILT_PRODUCTS_DIR)/AvitoTest.app/$(BUNDLE_EXECUTABLE_FOLDER_PATH)/AvitoTest";
			};
			name = Release;
		};
		1497C7732D478548005AEE86 /* Debug */ = {
			isa = XCBuildConfiguration;
			buildSettings = {
				CODE_SIGN_STYLE = Automatic;
				CURRENT_PROJECT_VERSION = 1;
				DEVELOPMENT_TEAM = 33CHCHT3CL;
				GENERATE_INFOPLIST_FILE = YES;
				MARKETING_VERSION = 1.0;
				PRODUCT_BUNDLE_IDENTIFIER = novgorodcev.AvitoTestUITests;
				PRODUCT_NAME = "$(TARGET_NAME)";
				SWIFT_EMIT_LOC_STRINGS = NO;
				SWIFT_VERSION = 5.0;
				TARGETED_DEVICE_FAMILY = "1,2";
				TEST_TARGET_NAME = AvitoTest;
			};
			name = Debug;
		};
		1497C7742D478548005AEE86 /* Release */ = {
			isa = XCBuildConfiguration;
			buildSettings = {
				CODE_SIGN_STYLE = Automatic;
				CURRENT_PROJECT_VERSION = 1;
				DEVELOPMENT_TEAM = 33CHCHT3CL;
				GENERATE_INFOPLIST_FILE = YES;
				MARKETING_VERSION = 1.0;
				PRODUCT_BUNDLE_IDENTIFIER = novgorodcev.AvitoTestUITests;
				PRODUCT_NAME = "$(TARGET_NAME)";
				SWIFT_EMIT_LOC_STRINGS = NO;
				SWIFT_VERSION = 5.0;
				TARGETED_DEVICE_FAMILY = "1,2";
				TEST_TARGET_NAME = AvitoTest;
			};
			name = Release;
		};
/* End XCBuildConfiguration section */

/* Begin XCConfigurationList section */
		1497C73C2D478545005AEE86 /* Build configuration list for PBXProject "AvitoTest" */ = {
			isa = XCConfigurationList;
			buildConfigurations = (
				1497C76D2D478548005AEE86 /* Debug */,
				1497C76E2D478548005AEE86 /* Release */,
			);
			defaultConfigurationIsVisible = 0;
			defaultConfigurationName = Release;
		};
		1497C76A2D478548005AEE86 /* Build configuration list for PBXNativeTarget "AvitoTest" */ = {
			isa = XCConfigurationList;
			buildConfigurations = (
				1497C76B2D478548005AEE86 /* Debug */,
				1497C76C2D478548005AEE86 /* Release */,
			);
			defaultConfigurationIsVisible = 0;
			defaultConfigurationName = Release;
		};
		1497C76F2D478548005AEE86 /* Build configuration list for PBXNativeTarget "AvitoTestTests" */ = {
			isa = XCConfigurationList;
			buildConfigurations = (
				1497C7702D478548005AEE86 /* Debug */,
				1497C7712D478548005AEE86 /* Release */,
			);
			defaultConfigurationIsVisible = 0;
			defaultConfigurationName = Release;
		};
		1497C7722D478548005AEE86 /* Build configuration list for PBXNativeTarget "AvitoTestUITests" */ = {
			isa = XCConfigurationList;
			buildConfigurations = (
				1497C7732D478548005AEE86 /* Debug */,
				1497C7742D478548005AEE86 /* Release */,
			);
			defaultConfigurationIsVisible = 0;
			defaultConfigurationName = Release;
		};
/* End XCConfigurationList section */
	};
	rootObject = 1497C7392D478545005AEE86 /* Project object */;
}
